
Microsoft Visual Studio Solution File, Format Version 12.00
# Visual Studio Version 16
VisualStudioVersion = 16.0.32228.343
MinimumVisualStudioVersion = 10.0.40219.1
Project("{FAE04EC0-301F-11D3-BF4B-00C04F79EFBC}") = "WebAPI", "WebAPI.csproj", "{D943931E-B2CB-4F54-8221-B07D5E183488}"
EndProject
Global
	GlobalSection(SolutionConfigurationPlatforms) = preSolution
		Debug|Any CPU = Debug|Any CPU
		Release|Any CPU = Release|Any CPU
	EndGlobalSection
	GlobalSection(ProjectConfigurationPlatforms) = postSolution
		{D943931E-B2CB-4F54-8221-B07D5E183488}.Debug|Any CPU.ActiveCfg = Debug|Any CPU
		{D943931E-B2CB-4F54-8221-B07D5E183488}.Debug|Any CPU.Build.0 = Debug|Any CPU
		{D943931E-B2CB-4F54-8221-B07D5E183488}.Release|Any CPU.ActiveCfg = Release|Any CPU
		{D943931E-B2CB-4F54-8221-B07D5E183488}.Release|Any CPU.Build.0 = Release|Any CPU
	EndGlobalSection
	GlobalSection(SolutionProperties) = preSolution
		HideSolutionNode = FALSE
	EndGlobalSection
	GlobalSection(ExtensibilityGlobals) = postSolution
		SolutionGuid = {55B99290-C16A-40A5-9E5C-CC7B36C7917C}
	EndGlobalSection
EndGlobal
